
Microsoft Visual Studio Solution File, Format Version 12.00
# Visual Studio 15
VisualStudioVersion = 15.0.28010.2003
MinimumVisualStudioVersion = 10.0.40219.1
Project("{FAE04EC0-301F-11D3-BF4B-00C04F79EFBC}") = "SampleBlazorJsInterop", "SampleBlazorJsInterop\SampleBlazorJsInterop.csproj", "{F74FD278-2159-45FA-8695-F94C25009FF9}"
EndProject
Global
	GlobalSection(SolutionConfigurationPlatforms) = preSolution
		Debug|Any CPU = Debug|Any CPU
		Release|Any CPU = Release|Any CPU
	EndGlobalSection
	GlobalSection(ProjectConfigurationPlatforms) = postSolution
		{F74FD278-2159-45FA-8695-F94C25009FF9}.Debug|Any CPU.ActiveCfg = Debug|Any CPU
		{F74FD278-2159-45FA-8695-F94C25009FF9}.Debug|Any CPU.Build.0 = Debug|Any CPU
		{F74FD278-2159-45FA-8695-F94C25009FF9}.Release|Any CPU.ActiveCfg = Release|Any CPU
		{F74FD278-2159-45FA-8695-F94C25009FF9}.Release|Any CPU.Build.0 = Release|Any CPU
	EndGlobalSection
	GlobalSection(SolutionProperties) = preSolution
		HideSolutionNode = FALSE
	EndGlobalSection
	GlobalSection(ExtensibilityGlobals) = postSolution
		SolutionGuid = {770BC386-C93E-4353-9961-19BE837B8CAE}
	EndGlobalSection
EndGlobal
