
Microsoft Visual Studio Solution File, Format Version 12.00
# Visual Studio 15
VisualStudioVersion = 15.0.28307.106
MinimumVisualStudioVersion = 10.0.40219.1
Project("{FAE04EC0-301F-11D3-BF4B-00C04F79EFBC}") = "BlazorAndAspNetCore.Server", "BlazorAndAspNetCore.Server\BlazorAndAspNetCore.Server.csproj", "{B14D90D9-BE3E-4912-8AD0-D75366FBD7B5}"
EndProject
Project("{FAE04EC0-301F-11D3-BF4B-00C04F79EFBC}") = "BlazorAndAspNetCore.Client", "BlazorAndAspNetCore.Client\BlazorAndAspNetCore.Client.csproj", "{2CD19DB4-DBE8-455E-9CDB-67DB55A6ECD7}"
EndProject
Project("{FAE04EC0-301F-11D3-BF4B-00C04F79EFBC}") = "BlazorAndAspNetCore.Shared", "BlazorAndAspNetCore.Shared\BlazorAndAspNetCore.Shared.csproj", "{29E39518-CD17-4627-8F5C-6510589A06AE}"
EndProject
Global
	GlobalSection(SolutionConfigurationPlatforms) = preSolution
		Debug|Any CPU = Debug|Any CPU
		Release|Any CPU = Release|Any CPU
	EndGlobalSection
	GlobalSection(ProjectConfigurationPlatforms) = postSolution
		{B14D90D9-BE3E-4912-8AD0-D75366FBD7B5}.Debug|Any CPU.ActiveCfg = Debug|Any CPU
		{B14D90D9-BE3E-4912-8AD0-D75366FBD7B5}.Debug|Any CPU.Build.0 = Debug|Any CPU
		{B14D90D9-BE3E-4912-8AD0-D75366FBD7B5}.Release|Any CPU.ActiveCfg = Release|Any CPU
		{B14D90D9-BE3E-4912-8AD0-D75366FBD7B5}.Release|Any CPU.Build.0 = Release|Any CPU
		{2CD19DB4-DBE8-455E-9CDB-67DB55A6ECD7}.Debug|Any CPU.ActiveCfg = Debug|Any CPU
		{2CD19DB4-DBE8-455E-9CDB-67DB55A6ECD7}.Debug|Any CPU.Build.0 = Debug|Any CPU
		{2CD19DB4-DBE8-455E-9CDB-67DB55A6ECD7}.Release|Any CPU.ActiveCfg = Release|Any CPU
		{2CD19DB4-DBE8-455E-9CDB-67DB55A6ECD7}.Release|Any CPU.Build.0 = Release|Any CPU
		{29E39518-CD17-4627-8F5C-6510589A06AE}.Debug|Any CPU.ActiveCfg = Debug|Any CPU
		{29E39518-CD17-4627-8F5C-6510589A06AE}.Debug|Any CPU.Build.0 = Debug|Any CPU
		{29E39518-CD17-4627-8F5C-6510589A06AE}.Release|Any CPU.ActiveCfg = Release|Any CPU
		{29E39518-CD17-4627-8F5C-6510589A06AE}.Release|Any CPU.Build.0 = Release|Any CPU
	EndGlobalSection
	GlobalSection(SolutionProperties) = preSolution
		HideSolutionNode = FALSE
	EndGlobalSection
	GlobalSection(ExtensibilityGlobals) = postSolution
		SolutionGuid = {432B65C9-394D-49EA-B094-782776665F65}
	EndGlobalSection
EndGlobal
